
Microsoft Visual Studio Solution File, Format Version 12.00
# Visual Studio 2013
VisualStudioVersion = 12.0.30723.0
MinimumVisualStudioVersion = 10.0.40219.1
Project("{FAE04EC0-301F-11D3-BF4B-00C04F79EFBC}") = "DelegateCallApp", "DelegateCallApp\DelegateCallApp.csproj", "{AF32E2C9-E55D-4512-8A42-6BA54B951995}"
EndProject
Project("{FAE04EC0-301F-11D3-BF4B-00C04F79EFBC}") = "CheckReferenceClassLibrary", "CheckReferenceClassLibrary\CheckReferenceClassLibrary.csproj", "{1C9852EB-855D-43A1-A27B-28DD2DFFD2E5}"
EndProject
Global
	GlobalSection(SolutionConfigurationPlatforms) = preSolution
		Debug|Any CPU = Debug|Any CPU
		Release|Any CPU = Release|Any CPU
	EndGlobalSection
	GlobalSection(ProjectConfigurationPlatforms) = postSolution
		{AF32E2C9-E55D-4512-8A42-6BA54B951995}.Debug|Any CPU.ActiveCfg = Debug|Any CPU
		{AF32E2C9-E55D-4512-8A42-6BA54B951995}.Debug|Any CPU.Build.0 = Debug|Any CPU
		{AF32E2C9-E55D-4512-8A42-6BA54B951995}.Release|Any CPU.ActiveCfg = Release|Any CPU
		{AF32E2C9-E55D-4512-8A42-6BA54B951995}.Release|Any CPU.Build.0 = Release|Any CPU
		{1C9852EB-855D-43A1-A27B-28DD2DFFD2E5}.Debug|Any CPU.ActiveCfg = Debug|Any CPU
		{1C9852EB-855D-43A1-A27B-28DD2DFFD2E5}.Debug|Any CPU.Build.0 = Debug|Any CPU
		{1C9852EB-855D-43A1-A27B-28DD2DFFD2E5}.Release|Any CPU.ActiveCfg = Release|Any CPU
		{1C9852EB-855D-43A1-A27B-28DD2DFFD2E5}.Release|Any CPU.Build.0 = Release|Any CPU
	EndGlobalSection
	GlobalSection(SolutionProperties) = preSolution
		HideSolutionNode = FALSE
	EndGlobalSection
EndGlobal
